{
    "name": "qute-scaffold-vue",
    "version": "1.0.0",
    "lockfileVersion": 1,
    "requires": true,
    "dependencies": {
        "bio-helper": {
            "version": "1.0.0",
            "resolved": "https://registry.npmjs.org/bio-helper/-/bio-helper-1.0.0.tgz",
            "integrity": "sha512-3jB1SAIZvM0CS06Ykc5CYnyfIxWJPY9hSHLfK1vgUEvn4DtqumBPH8BGIjW0wJ3+8ytZolxMR4p+YJJ/XZSvBQ=="
        },
        "qute-scaffold-helper": {
            "version": "1.0.0",
            "resolved": "https://registry.npmjs.org/qute-scaffold-helper/-/qute-scaffold-helper-1.0.0.tgz",
            "integrity": "sha512-rWf7yuyCM/f7CMxlWi24+RJRkO2w498oemrTk14tLsCw9Ooix5gvBDIvfW+L+ZKnUMn6OQbwu4SK3Yvfh4eXzg=="
        }
    }
}
